// !$*UTF8*$!
{
	archiveVersion = 1;
	classes = {
	};
	objectVersion = 56;
	objects = {

/* Begin PBXBuildFile section */
		874275D1292F1AF7008CFA45 /* AppDelegate.swift in Sources */ = {isa = PBXBuildFile; fileRef = 874275D0292F1AF7008CFA45 /* AppDelegate.swift */; };
		874275D3292F1AF7008CFA45 /* SceneDelegate.swift in Sources */ = {isa = PBXBuildFile; fileRef = 874275D2292F1AF7008CFA45 /* SceneDelegate.swift */; };
		874275D5292F1AF7008CFA45 /* ViewController.swift in Sources */ = {isa = PBXBuildFile; fileRef = 874275D4292F1AF7008CFA45 /* ViewController.swift */; };
		874275D8292F1AF7008CFA45 /* Main.storyboard in Resources */ = {isa = PBXBuildFile; fileRef = 874275D6292F1AF7008CFA45 /* Main.storyboard */; };
		874275DA292F1AF9008CFA45 /* Assets.xcassets in Resources */ = {isa = PBXBuildFile; fileRef = 874275D9292F1AF9008CFA45 /* Assets.xcassets */; };
		874275DD292F1AF9008CFA45 /* LaunchScreen.storyboard in Resources */ = {isa = PBXBuildFile; fileRef = 874275DB292F1AF9008CFA45 /* LaunchScreen.storyboard */; };
		D3D5FDAB6A2F5597E9309A34 /* Pods_hackChallengeApp.framework in Frameworks */ = {isa = PBXBuildFile; fileRef = 909186FBEB9556F664E8ED90 /* Pods_hackChallengeApp.framework */; };
/* End PBXBuildFile section */

/* Begin PBXFileReference section */
		2A5F3AF53DC46623D1C6C472 /* Pods-hackChallengeApp.release.xcconfig */ = {isa = PBXFileReference; includeInIndex = 1; lastKnownFileType = text.xcconfig; name = "Pods-hackChallengeApp.release.xcconfig"; path = "Target Support Files/Pods-hackChallengeApp/Pods-hackChallengeApp.release.xcconfig"; sourceTree = "<group>"; };
		874275CD292F1AF7008CFA45 /* hackChallengeApp.app */ = {isa = PBXFileReference; explicitFileType = wrapper.application; includeInIndex = 0; path = hackChallengeApp.app; sourceTree = BUILT_PRODUCTS_DIR; };
		874275D0292F1AF7008CFA45 /* AppDelegate.swift */ = {isa = PBXFileReference; lastKnownFileType = sourcecode.swift; path = AppDelegate.swift; sourceTree = "<group>"; };
		874275D2292F1AF7008CFA45 /* SceneDelegate.swift */ = {isa = PBXFileReference; lastKnownFileType = sourcecode.swift; path = SceneDelegate.swift; sourceTree = "<group>"; };
		874275D4292F1AF7008CFA45 /* ViewController.swift */ = {isa = PBXFileReference; lastKnownFileType = sourcecode.swift; path = ViewController.swift; sourceTree = "<group>"; };
		874275D7292F1AF7008CFA45 /* Base */ = {isa = PBXFileReference; lastKnownFileType = file.storyboard; name = Base; path = Base.lproj/Main.storyboard; sourceTree = "<group>"; };
		874275D9292F1AF9008CFA45 /* Assets.xcassets */ = {isa = PBXFileReference; lastKnownFileType = folder.assetcatalog; path = Assets.xcassets; sourceTree = "<group>"; };
		874275DC292F1AF9008CFA45 /* Base */ = {isa = PBXFileReference; lastKnownFileType = file.storyboard; name = Base; path = Base.lproj/LaunchScreen.storyboard; sourceTree = "<group>"; };
		874275DE292F1AF9008CFA45 /* Info.plist */ = {isa = PBXFileReference; lastKnownFileType = text.plist.xml; path = Info.plist; sourceTree = "<group>"; };
		909186FBEB9556F664E8ED90 /* Pods_hackChallengeApp.framework */ = {isa = PBXFileReference; explicitFileType = wrapper.framework; includeInIndex = 0; path = Pods_hackChallengeApp.framework; sourceTree = BUILT_PRODUCTS_DIR; };
		FC2B78FC6B71EFD5D3176D1A /* Pods-hackChallengeApp.debug.xcconfig */ = {isa = PBXFileReference; includeInIndex = 1; lastKnownFileType = text.xcconfig; name = "Pods-hackChallengeApp.debug.xcconfig"; path = "Target Support Files/Pods-hackChallengeApp/Pods-hackChallengeApp.debug.xcconfig"; sourceTree = "<group>"; };
/* End PBXFileReference section */

/* Begin PBXFrameworksBuildPhase section */
		874275CA292F1AF7008CFA45 /* Frameworks */ = {
			isa = PBXFrameworksBuildPhase;
			buildActionMask = 2147483647;
			files = (
				D3D5FDAB6A2F5597E9309A34 /* Pods_hackChallengeApp.framework in Frameworks */,
			);
			runOnlyForDeploymentPostprocessing = 0;
		};
/* End PBXFrameworksBuildPhase section */

/* Begin PBXGroup section */
		874275C4292F1AF7008CFA45 = {
			isa = PBXGroup;
			children = (
				874275CF292F1AF7008CFA45 /* hackChallengeApp */,
				874275CE292F1AF7008CFA45 /* Products */,
				E72DD49D39719292CD088486 /* Pods */,
				F259A3A6618DA117C96F3695 /* Frameworks */,
			);
			sourceTree = "<group>";
		};
		874275CE292F1AF7008CFA45 /* Products */ = {
			isa = PBXGroup;
			children = (
				874275CD292F1AF7008CFA45 /* hackChallengeApp.app */,
			);
			name = Products;
			sourceTree = "<group>";
		};
		874275CF292F1AF7008CFA45 /* hackChallengeApp */ = {
			isa = PBXGroup;
			children = (
				874275D0292F1AF7008CFA45 /* AppDelegate.swift */,
				874275D2292F1AF7008CFA45 /* SceneDelegate.swift */,
				874275D4292F1AF7008CFA45 /* ViewController.swift */,
				874275D6292F1AF7008CFA45 /* Main.storyboard */,
				874275D9292F1AF9008CFA45 /* Assets.xcassets */,
				874275DB292F1AF9008CFA45 /* LaunchScreen.storyboard */,
				874275DE292F1AF9008CFA45 /* Info.plist */,
			);
			path = hackChallengeApp;
			sourceTree = "<group>";
		};
		E72DD49D39719292CD088486 /* Pods */ = {
			isa = PBXGroup;
			children = (
				FC2B78FC6B71EFD5D3176D1A /* Pods-hackChallengeApp.debug.xcconfig */,
				2A5F3AF53DC46623D1C6C472 /* Pods-hackChallengeApp.release.xcconfig */,
			);
			name = Pods;
			path = Pods;
			sourceTree = "<group>";
		};
		F259A3A6618DA117C96F3695 /* Frameworks */ = {
			isa = PBXGroup;
			children = (
				909186FBEB9556F664E8ED90 /* Pods_hackChallengeApp.framework */,
			);
			name = Frameworks;
			sourceTree = "<group>";
		};
/* End PBXGroup section */

/* Begin PBXNativeTarget section */
		874275CC292F1AF7008CFA45 /* hackChallengeApp */ = {
			isa = PBXNativeTarget;
			buildConfigurationList = 874275E1292F1AF9008CFA45 /* Build configuration list for PBXNativeTarget "hackChallengeApp" */;
			buildPhases = (
				B776281EF8DB2C23567DFA43 /* [CP] Check Pods Manifest.lock */,
				874275C9292F1AF7008CFA45 /* Sources */,
				874275CA292F1AF7008CFA45 /* Frameworks */,
				874275CB292F1AF7008CFA45 /* Resources */,
				2D36A4149938B09C9D673FDC /* [CP] Embed Pods Frameworks */,
			);
			buildRules = (
			);
			dependencies = (
			);
			name = hackChallengeApp;
			productName = hackChallengeApp;
			productReference = 874275CD292F1AF7008CFA45 /* hackChallengeApp.app */;
			productType = "com.apple.product-type.application";
		};
/* End PBXNativeTarget section */

/* Begin PBXProject section */
		874275C5292F1AF7008CFA45 /* Project object */ = {
			isa = PBXProject;
			attributes = {
				BuildIndependentTargetsInParallel = 1;
				LastSwiftUpdateCheck = 1410;
				LastUpgradeCheck = 1410;
				TargetAttributes = {
					874275CC292F1AF7008CFA45 = {
						CreatedOnToolsVersion = 14.1;
					};
				};
			};
			buildConfigurationList = 874275C8292F1AF7008CFA45 /* Build configuration list for PBXProject "hackChallengeApp" */;
			compatibilityVersion = "Xcode 14.0";
			developmentRegion = en;
			hasScannedForEncodings = 0;
			knownRegions = (
				en,
				Base,
			);
			mainGroup = 874275C4292F1AF7008CFA45;
			productRefGroup = 874275CE292F1AF7008CFA45 /* Products */;
			projectDirPath = "";
			projectRoot = "";
			targets = (
				874275CC292F1AF7008CFA45 /* hackChallengeApp */,
			);
		};
/* End PBXProject section */

/* Begin PBXResourcesBuildPhase section */
		874275CB292F1AF7008CFA45 /* Resources */ = {
			isa = PBXResourcesBuildPhase;
			buildActionMask = 2147483647;
			files = (
				874275DD292F1AF9008CFA45 /* LaunchScreen.storyboard in Resources */,
				874275DA292F1AF9008CFA45 /* Assets.xcassets in Resources */,
				874275D8292F1AF7008CFA45 /* Main.storyboard in Resources */,
			);
			runOnlyForDeploymentPostprocessing = 0;
		};
/* End PBXResourcesBuildPhase section */

/* Begin PBXShellScriptBuildPhase section */
		2D36A4149938B09C9D673FDC /* [CP] Embed Pods Frameworks */ = {
			isa = PBXShellScriptBuildPhase;
			buildActionMask = 2147483647;
			files = (
			);
			inputFileListPaths = (
				"${PODS_ROOT}/Target Support Files/Pods-hackChallengeApp/Pods-hackChallengeApp-frameworks-${CONFIGURATION}-input-files.xcfilelist",
			);
			name = "[CP] Embed Pods Frameworks";
			outputFileListPaths = (
				"${PODS_ROOT}/Target Support Files/Pods-hackChallengeApp/Pods-hackChallengeApp-frameworks-${CONFIGURATION}-output-files.xcfilelist",
			);
			runOnlyForDeploymentPostprocessing = 0;
			shellPath = /bin/sh;
			shellScript = "\"${PODS_ROOT}/Target Support Files/Pods-hackChallengeApp/Pods-hackChallengeApp-frameworks.sh\"\n";
			showEnvVarsInLog = 0;
		};
		B776281EF8DB2C23567DFA43 /* [CP] Check Pods Manifest.lock */ = {
			isa = PBXShellScriptBuildPhase;
			buildActionMask = 2147483647;
			files = (
			);
			inputFileListPaths = (
			);
			inputPaths = (
				"${PODS_PODFILE_DIR_PATH}/Podfile.lock",
				"${PODS_ROOT}/Manifest.lock",
			);
			name = "[CP] Check Pods Manifest.lock";
			outputFileListPaths = (
			);
			outputPaths = (
				"$(DERIVED_FILE_DIR)/Pods-hackChallengeApp-checkManifestLockResult.txt",
			);
			runOnlyForDeploymentPostprocessing = 0;
			shellPath = /bin/sh;
			shellScript = "diff \"${PODS_PODFILE_DIR_PATH}/Podfile.lock\" \"${PODS_ROOT}/Manifest.lock\" > /dev/null\nif [ $? != 0 ] ; then\n    # print error to STDERR\n    echo \"error: The sandbox is not in sync with the Podfile.lock. Run 'pod install' or update your CocoaPods installation.\" >&2\n    exit 1\nfi\n# This output is used by Xcode 'outputs' to avoid re-running this script phase.\necho \"SUCCESS\" > \"${SCRIPT_OUTPUT_FILE_0}\"\n";
			showEnvVarsInLog = 0;
		};
/* End PBXShellScriptBuildPhase section */

/* Begin PBXSourcesBuildPhase section */
		874275C9292F1AF7008CFA45 /* Sources */ = {
			isa = PBXSourcesBuildPhase;
			buildActionMask = 2147483647;
			files = (
				874275D5292F1AF7008CFA45 /* ViewController.swift in Sources */,
				874275D1292F1AF7008CFA45 /* AppDelegate.swift in Sources */,
				874275D3292F1AF7008CFA45 /* SceneDelegate.swift in Sources */,
			);
			runOnlyForDeploymentPostprocessing = 0;
		};
/* End PBXSourcesBuildPhase section */

/* Begin PBXVariantGroup section */
		874275D6292F1AF7008CFA45 /* Main.storyboard */ = {
			isa = PBXVariantGroup;
			children = (
				874275D7292F1AF7008CFA45 /* Base */,
			);
			name = Main.storyboard;
			sourceTree = "<group>";
		};
		874275DB292F1AF9008CFA45 /* LaunchScreen.storyboard */ = {
			isa = PBXVariantGroup;
			children = (
				874275DC292F1AF9008CFA45 /* Base */,
			);
			name = LaunchScreen.storyboard;
			sourceTree = "<group>";
		};
/* End PBXVariantGroup section */

/* Begin XCBuildConfiguration section */
		874275DF292F1AF9008CFA45 /* Debug */ = {
			isa = XCBuildConfiguration;
			buildSettings = {
				ALWAYS_SEARCH_USER_PATHS = NO;
				CLANG_ANALYZER_NONNULL = YES;
				CLANG_ANALYZER_NUMBER_OBJECT_CONVERSION = YES_AGGRESSIVE;
				CLANG_CXX_LANGUAGE_STANDARD = "gnu++20";
				CLANG_ENABLE_MODULES = YES;
				CLANG_ENABLE_OBJC_ARC = YES;
				CLANG_ENABLE_OBJC_WEAK = YES;
				CLANG_WARN_BLOCK_CAPTURE_AUTORELEASING = YES;
				CLANG_WARN_BOOL_CONVERSION = YES;
				CLANG_WARN_COMMA = YES;
				CLANG_WARN_CONSTANT_CONVERSION = YES;
				CLANG_WARN_DEPRECATED_OBJC_IMPLEMENTATIONS = YES;
				CLANG_WARN_DIRECT_OBJC_ISA_USAGE = YES_ERROR;
				CLANG_WARN_DOCUMENTATION_COMMENTS = YES;
				CLANG_WARN_EMPTY_BODY = YES;
				CLANG_WARN_ENUM_CONVERSION = YES;
				CLANG_WARN_INFINITE_RECURSION = YES;
				CLANG_WARN_INT_CONVERSION = YES;
				CLANG_WARN_NON_LITERAL_NULL_CONVERSION = YES;
				CLANG_WARN_OBJC_IMPLICIT_RETAIN_SELF = YES;
				CLANG_WARN_OBJC_LITERAL_CONVERSION = YES;
				CLANG_WARN_OBJC_ROOT_CLASS = YES_ERROR;
				CLANG_WARN_QUOTED_INCLUDE_IN_FRAMEWORK_HEADER = YES;
				CLANG_WARN_RANGE_LOOP_ANALYSIS = YES;
				CLANG_WARN_STRICT_PROTOTYPES = YES;
				CLANG_WARN_SUSPICIOUS_MOVE = YES;
				CLANG_WARN_UNGUARDED_AVAILABILITY = YES_AGGRESSIVE;
				CLANG_WARN_UNREACHABLE_CODE = YES;
				CLANG_WARN__DUPLICATE_METHOD_MATCH = YES;
				COPY_PHASE_STRIP = NO;
				DEBUG_INFORMATION_FORMAT = dwarf;
				ENABLE_STRICT_OBJC_MSGSEND = YES;
				ENABLE_TESTABILITY = YES;
				GCC_C_LANGUAGE_STANDARD = gnu11;
				GCC_DYNAMIC_NO_PIC = NO;
				GCC_NO_COMMON_BLOCKS = YES;
				GCC_OPTIMIZATION_LEVEL = 0;
				GCC_PREPROCESSOR_DEFINITIONS = (
					"DEBUG=1",
					"$(inherited)",
				);
				GCC_WARN_64_TO_32_BIT_CONVERSION = YES;
				GCC_WARN_ABOUT_RETURN_TYPE = YES_ERROR;
				GCC_WARN_UNDECLARED_SELECTOR = YES;
				GCC_WARN_UNINITIALIZED_AUTOS = YES_AGGRESSIVE;
				GCC_WARN_UNUSED_FUNCTION = YES;
				GCC_WARN_UNUSED_VARIABLE = YES;
				IPHONEOS_DEPLOYMENT_TARGET = 16.1;
				MTL_ENABLE_DEBUG_INFO = INCLUDE_SOURCE;
				MTL_FAST_MATH = YES;
				ONLY_ACTIVE_ARCH = YES;
				SDKROOT = iphoneos;
				SWIFT_ACTIVE_COMPILATION_CONDITIONS = DEBUG;
				SWIFT_OPTIMIZATION_LEVEL = "-Onone";
			};
			name = Debug;
		};
		874275E0292F1AF9008CFA45 /* Release */ = {
			isa = XCBuildConfiguration;
			buildSettings = {
				ALWAYS_SEARCH_USER_PATHS = NO;
				CLANG_ANALYZER_NONNULL = YES;
				CLANG_ANALYZER_NUMBER_OBJECT_CONVERSION = YES_AGGRESSIVE;
				CLANG_CXX_LANGUAGE_STANDARD = "gnu++20";
				CLANG_ENABLE_MODULES = YES;
				CLANG_ENABLE_OBJC_ARC = YES;
				CLANG_ENABLE_OBJC_WEAK = YES;
				CLANG_WARN_BLOCK_CAPTURE_AUTORELEASING = YES;
				CLANG_WARN_BOOL_CONVERSION = YES;
				CLANG_WARN_COMMA = YES;
				CLANG_WARN_CONSTANT_CONVERSION = YES;
				CLANG_WARN_DEPRECATED_OBJC_IMPLEMENTATIONS = YES;
				CLANG_WARN_DIRECT_OBJC_ISA_USAGE = YES_ERROR;
				CLANG_WARN_DOCUMENTATION_COMMENTS = YES;
				CLANG_WARN_EMPTY_BODY = YES;
				CLANG_WARN_ENUM_CONVERSION = YES;
				CLANG_WARN_INFINITE_RECURSION = YES;
				CLANG_WARN_INT_CONVERSION = YES;
				CLANG_WARN_NON_LITERAL_NULL_CONVERSION = YES;
				CLANG_WARN_OBJC_IMPLICIT_RETAIN_SELF = YES;
				CLANG_WARN_OBJC_LITERAL_CONVERSION = YES;
				CLANG_WARN_OBJC_ROOT_CLASS = YES_ERROR;
				CLANG_WARN_QUOTED_INCLUDE_IN_FRAMEWORK_HEADER = YES;
				CLANG_WARN_RANGE_LOOP_ANALYSIS = YES;
				CLANG_WARN_STRICT_PROTOTYPES = YES;
				CLANG_WARN_SUSPICIOUS_MOVE = YES;
				CLANG_WARN_UNGUARDED_AVAILABILITY = YES_AGGRESSIVE;
				CLANG_WARN_UNREACHABLE_CODE = YES;
				CLANG_WARN__DUPLICATE_METHOD_MATCH = YES;
				COPY_PHASE_STRIP = NO;
				DEBUG_INFORMATION_FORMAT = "dwarf-with-dsym";
				ENABLE_NS_ASSERTIONS = NO;
				ENABLE_STRICT_OBJC_MSGSEND = YES;
				GCC_C_LANGUAGE_STANDARD = gnu11;
				GCC_NO_COMMON_BLOCKS = YES;
				GCC_WARN_64_TO_32_BIT_CONVERSION = YES;
				GCC_WARN_ABOUT_RETURN_TYPE = YES_ERROR;
				GCC_WARN_UNDECLARED_SELECTOR = YES;
				GCC_WARN_UNINITIALIZED_AUTOS = YES_AGGRESSIVE;
				GCC_WARN_UNUSED_FUNCTION = YES;
				GCC_WARN_UNUSED_VARIABLE = YES;
				IPHONEOS_DEPLOYMENT_TARGET = 16.1;
				MTL_ENABLE_DEBUG_INFO = NO;
				MTL_FAST_MATH = YES;
				SDKROOT = iphoneos;
				SWIFT_COMPILATION_MODE = wholemodule;
				SWIFT_OPTIMIZATION_LEVEL = "-O";
				VALIDATE_PRODUCT = YES;
			};
			name = Release;
		};
		874275E2292F1AF9008CFA45 /* Debug */ = {
			isa = XCBuildConfiguration;
			baseConfigurationReference = FC2B78FC6B71EFD5D3176D1A /* Pods-hackChallengeApp.debug.xcconfig */;
			buildSettings = {
				ASSETCATALOG_COMPILER_APPICON_NAME = AppIcon;
				ASSETCATALOG_COMPILER_GLOBAL_ACCENT_COLOR_NAME = AccentColor;
				CODE_SIGN_STYLE = Automatic;
				CURRENT_PROJECT_VERSION = 1;
				DEVELOPMENT_TEAM = 8RT99CFY8C;
				GENERATE_INFOPLIST_FILE = YES;
				INFOPLIST_FILE = hackChallengeApp/Info.plist;
				INFOPLIST_KEY_UIApplicationSupportsIndirectInputEvents = YES;
				INFOPLIST_KEY_UILaunchStoryboardName = LaunchScreen;
				INFOPLIST_KEY_UIMainStoryboardFile = Main;
				INFOPLIST_KEY_UISupportedInterfaceOrientations_iPad = "UIInterfaceOrientationPortrait UIInterfaceOrientationPortraitUpsideDown UIInterfaceOrientationLandscapeLeft UIInterfaceOrientationLandscapeRight";
				INFOPLIST_KEY_UISupportedInterfaceOrientations_iPhone = "UIInterfaceOrientationPortrait UIInterfaceOrientationLandscapeLeft UIInterfaceOrientationLandscapeRight";
				LD_RUNPATH_SEARCH_PATHS = (
					"$(inherited)",
					"@executable_path/Frameworks",
				);
				MARKETING_VERSION = 1.0;
				PRODUCT_BUNDLE_IDENTIFIER = "Solomon-Lee.hackChallengeApp";
				PRODUCT_NAME = "$(TARGET_NAME)";
				SWIFT_EMIT_LOC_STRINGS = YES;
				SWIFT_VERSION = 5.0;
				TARGETED_DEVICE_FAMILY = "1,2";
			};
			name = Debug;
		};
		874275E3292F1AF9008CFA45 /* Release */ = {
			isa = XCBuildConfiguration;
			baseConfigurationReference = 2A5F3AF53DC46623D1C6C472 /* Pods-hackChallengeApp.release.xcconfig */;
			buildSettings = {
				ASSETCATALOG_COMPILER_APPICON_NAME = AppIcon;
				ASSETCATALOG_COMPILER_GLOBAL_ACCENT_COLOR_NAME = AccentColor;
				CODE_SIGN_STYLE = Automatic;
				CURRENT_PROJECT_VERSION = 1;
				DEVELOPMENT_TEAM = 8RT99CFY8C;
				GENERATE_INFOPLIST_FILE = YES;
				INFOPLIST_FILE = hackChallengeApp/Info.plist;
				INFOPLIST_KEY_UIApplicationSupportsIndirectInputEvents = YES;
				INFOPLIST_KEY_UILaunchStoryboardName = LaunchScreen;
				INFOPLIST_KEY_UIMainStoryboardFile = Main;
				INFOPLIST_KEY_UISupportedInterfaceOrientations_iPad = "UIInterfaceOrientationPortrait UIInterfaceOrientationPortraitUpsideDown UIInterfaceOrientationLandscapeLeft UIInterfaceOrientationLandscapeRight";
				INFOPLIST_KEY_UISupportedInterfaceOrientations_iPhone = "UIInterfaceOrientationPortrait UIInterfaceOrientationLandscapeLeft UIInterfaceOrientationLandscapeRight";
				LD_RUNPATH_SEARCH_PATHS = (
					"$(inherited)",
					"@executable_path/Frameworks",
				);
				MARKETING_VERSION = 1.0;
				PRODUCT_BUNDLE_IDENTIFIER = "Solomon-Lee.hackChallengeApp";
				PRODUCT_NAME = "$(TARGET_NAME)";
				SWIFT_EMIT_LOC_STRINGS = YES;
				SWIFT_VERSION = 5.0;
				TARGETED_DEVICE_FAMILY = "1,2";
			};
			name = Release;
		};
/* End XCBuildConfiguration section */

/* Begin XCConfigurationList section */
		874275C8292F1AF7008CFA45 /* Build configuration list for PBXProject "hackChallengeApp" */ = {
			isa = XCConfigurationList;
			buildConfigurations = (
				874275DF292F1AF9008CFA45 /* Debug */,
				874275E0292F1AF9008CFA45 /* Release */,
			);
			defaultConfigurationIsVisible = 0;
			defaultConfigurationName = Release;
		};
		874275E1292F1AF9008CFA45 /* Build configuration list for PBXNativeTarget "hackChallengeApp" */ = {
			isa = XCConfigurationList;
			buildConfigurations = (
				874275E2292F1AF9008CFA45 /* Debug */,
				874275E3292F1AF9008CFA45 /* Release */,
			);
			defaultConfigurationIsVisible = 0;
			defaultConfigurationName = Release;
		};
/* End XCConfigurationList section */
	};
	rootObject = 874275C5292F1AF7008CFA45 /* Project object */;
}
